
Microsoft Visual Studio Solution File, Format Version 12.00
# Visual Studio Version 17
VisualStudioVersion = 17.5.002.0
MinimumVisualStudioVersion = 10.0.40219.1
Project("{9A19103F-16F7-4668-BE54-9A1E7A4F7556}") = "tasc1", "tasc1\tasc1.csproj", "{28E6B860-C807-499D-A378-C640BCBD5C98}"
EndProject
Project("{9A19103F-16F7-4668-BE54-9A1E7A4F7556}") = "tasc2", "tasc2\tasc2.csproj", "{82AA0EA5-0C7E-44E7-BFAA-F94F4D033471}"
EndProject
Project("{9A19103F-16F7-4668-BE54-9A1E7A4F7556}") = "tasc3", "tasc3\tasc3.csproj", "{2914DBF1-1B8E-4603-A451-464BAC5BA9AE}"
EndProject
Project("{9A19103F-16F7-4668-BE54-9A1E7A4F7556}") = "tasc4", "tasc4\tasc4.csproj", "{697CB576-83C4-4FB6-B5B1-59DA9E738226}"
EndProject
Project("{9A19103F-16F7-4668-BE54-9A1E7A4F7556}") = "tasc5", "tasc5\tasc5.csproj", "{D92D08C5-15A9-4EC6-A27F-AA6C70B6BF7E}"
EndProject
Project("{9A19103F-16F7-4668-BE54-9A1E7A4F7556}") = "tasc6", "tasc6\tasc6.csproj", "{F668D4A5-8BFA-49C9-A890-023CF4D301C0}"
EndProject
Global
	GlobalSection(SolutionConfigurationPlatforms) = preSolution
		Debug|Any CPU = Debug|Any CPU
		Release|Any CPU = Release|Any CPU
	EndGlobalSection
	GlobalSection(ProjectConfigurationPlatforms) = postSolution
		{28E6B860-C807-499D-A378-C640BCBD5C98}.Debug|Any CPU.ActiveCfg = Debug|Any CPU
		{28E6B860-C807-499D-A378-C640BCBD5C98}.Debug|Any CPU.Build.0 = Debug|Any CPU
		{28E6B860-C807-499D-A378-C640BCBD5C98}.Release|Any CPU.ActiveCfg = Release|Any CPU
		{28E6B860-C807-499D-A378-C640BCBD5C98}.Release|Any CPU.Build.0 = Release|Any CPU
		{82AA0EA5-0C7E-44E7-BFAA-F94F4D033471}.Debug|Any CPU.ActiveCfg = Debug|Any CPU
		{82AA0EA5-0C7E-44E7-BFAA-F94F4D033471}.Debug|Any CPU.Build.0 = Debug|Any CPU
		{82AA0EA5-0C7E-44E7-BFAA-F94F4D033471}.Release|Any CPU.ActiveCfg = Release|Any CPU
		{82AA0EA5-0C7E-44E7-BFAA-F94F4D033471}.Release|Any CPU.Build.0 = Release|Any CPU
		{2914DBF1-1B8E-4603-A451-464BAC5BA9AE}.Debug|Any CPU.ActiveCfg = Debug|Any CPU
		{2914DBF1-1B8E-4603-A451-464BAC5BA9AE}.Debug|Any CPU.Build.0 = Debug|Any CPU
		{2914DBF1-1B8E-4603-A451-464BAC5BA9AE}.Release|Any CPU.ActiveCfg = Release|Any CPU
		{2914DBF1-1B8E-4603-A451-464BAC5BA9AE}.Release|Any CPU.Build.0 = Release|Any CPU
		{697CB576-83C4-4FB6-B5B1-59DA9E738226}.Debug|Any CPU.ActiveCfg = Debug|Any CPU
		{697CB576-83C4-4FB6-B5B1-59DA9E738226}.Debug|Any CPU.Build.0 = Debug|Any CPU
		{697CB576-83C4-4FB6-B5B1-59DA9E738226}.Release|Any CPU.ActiveCfg = Release|Any CPU
		{697CB576-83C4-4FB6-B5B1-59DA9E738226}.Release|Any CPU.Build.0 = Release|Any CPU
		{D92D08C5-15A9-4EC6-A27F-AA6C70B6BF7E}.Debug|Any CPU.ActiveCfg = Debug|Any CPU
		{D92D08C5-15A9-4EC6-A27F-AA6C70B6BF7E}.Debug|Any CPU.Build.0 = Debug|Any CPU
		{D92D08C5-15A9-4EC6-A27F-AA6C70B6BF7E}.Release|Any CPU.ActiveCfg = Release|Any CPU
		{D92D08C5-15A9-4EC6-A27F-AA6C70B6BF7E}.Release|Any CPU.Build.0 = Release|Any CPU
		{F668D4A5-8BFA-49C9-A890-023CF4D301C0}.Debug|Any CPU.ActiveCfg = Debug|Any CPU
		{F668D4A5-8BFA-49C9-A890-023CF4D301C0}.Debug|Any CPU.Build.0 = Debug|Any CPU
		{F668D4A5-8BFA-49C9-A890-023CF4D301C0}.Release|Any CPU.ActiveCfg = Release|Any CPU
		{F668D4A5-8BFA-49C9-A890-023CF4D301C0}.Release|Any CPU.Build.0 = Release|Any CPU
	EndGlobalSection
	GlobalSection(SolutionProperties) = preSolution
		HideSolutionNode = FALSE
	EndGlobalSection
	GlobalSection(ExtensibilityGlobals) = postSolution
		SolutionGuid = {8B26365B-DC20-462D-BB24-75BF405B41B6}
	EndGlobalSection
EndGlobal
